
Microsoft Visual Studio Solution File, Format Version 12.00
# Visual Studio Version 16
VisualStudioVersion = 16.0.33328.57
MinimumVisualStudioVersion = 10.0.40219.1
Project("{FAE04EC0-301F-11D3-BF4B-00C04F79EFBC}") = "SkillFactory_4_5_5", "SkillFactory_4_5_5.csproj", "{39086BCD-E161-4C32-A483-29679F14672E}"
EndProject
Global
	GlobalSection(SolutionConfigurationPlatforms) = preSolution
		Debug|Any CPU = Debug|Any CPU
		Release|Any CPU = Release|Any CPU
	EndGlobalSection
	GlobalSection(ProjectConfigurationPlatforms) = postSolution
		{39086BCD-E161-4C32-A483-29679F14672E}.Debug|Any CPU.ActiveCfg = Debug|Any CPU
		{39086BCD-E161-4C32-A483-29679F14672E}.Debug|Any CPU.Build.0 = Debug|Any CPU
		{39086BCD-E161-4C32-A483-29679F14672E}.Release|Any CPU.ActiveCfg = Release|Any CPU
		{39086BCD-E161-4C32-A483-29679F14672E}.Release|Any CPU.Build.0 = Release|Any CPU
	EndGlobalSection
	GlobalSection(SolutionProperties) = preSolution
		HideSolutionNode = FALSE
	EndGlobalSection
	GlobalSection(ExtensibilityGlobals) = postSolution
		SolutionGuid = {72F2FEC4-960C-496E-BD0D-BF5F3A1719EF}
	EndGlobalSection
EndGlobal
